
Microsoft Visual Studio Solution File, Format Version 12.00
# Visual Studio Version 16
VisualStudioVersion = 16.0.32228.343
MinimumVisualStudioVersion = 10.0.40219.1
Project("{FAE04EC0-301F-11D3-BF4B-00C04F79EFBC}") = "Game_Dragon_WPF.UI", "Game_Dragon_WPF.UI\Game_Dragon_WPF.UI.csproj", "{EBB007C3-03E0-4085-BBBE-03379A3E40B2}"
EndProject
Project("{FAE04EC0-301F-11D3-BF4B-00C04F79EFBC}") = "Game_Dragon_WPF.Domain", "Game_Dragon_WPF.Domain\Game_Dragon_WPF.Domain.csproj", "{6790558D-9814-497F-9E89-F77DD64C1344}"
EndProject
Project("{2150E333-8FDC-42A3-9474-1A3956D46DE8}") = "1-FrontEnd", "1-FrontEnd", "{63650679-92DC-443E-86CA-D7E61409DF66}"
EndProject
Project("{2150E333-8FDC-42A3-9474-1A3956D46DE8}") = "2-BackEnd", "2-BackEnd", "{F96D8526-2626-4B99-8881-35E2A25BA15F}"
EndProject
Global
	GlobalSection(SolutionConfigurationPlatforms) = preSolution
		Debug|Any CPU = Debug|Any CPU
		Release|Any CPU = Release|Any CPU
	EndGlobalSection
	GlobalSection(ProjectConfigurationPlatforms) = postSolution
		{EBB007C3-03E0-4085-BBBE-03379A3E40B2}.Debug|Any CPU.ActiveCfg = Debug|Any CPU
		{EBB007C3-03E0-4085-BBBE-03379A3E40B2}.Debug|Any CPU.Build.0 = Debug|Any CPU
		{EBB007C3-03E0-4085-BBBE-03379A3E40B2}.Release|Any CPU.ActiveCfg = Release|Any CPU
		{EBB007C3-03E0-4085-BBBE-03379A3E40B2}.Release|Any CPU.Build.0 = Release|Any CPU
		{6790558D-9814-497F-9E89-F77DD64C1344}.Debug|Any CPU.ActiveCfg = Debug|Any CPU
		{6790558D-9814-497F-9E89-F77DD64C1344}.Debug|Any CPU.Build.0 = Debug|Any CPU
		{6790558D-9814-497F-9E89-F77DD64C1344}.Release|Any CPU.ActiveCfg = Release|Any CPU
		{6790558D-9814-497F-9E89-F77DD64C1344}.Release|Any CPU.Build.0 = Release|Any CPU
	EndGlobalSection
	GlobalSection(SolutionProperties) = preSolution
		HideSolutionNode = FALSE
	EndGlobalSection
	GlobalSection(NestedProjects) = preSolution
		{EBB007C3-03E0-4085-BBBE-03379A3E40B2} = {63650679-92DC-443E-86CA-D7E61409DF66}
		{6790558D-9814-497F-9E89-F77DD64C1344} = {F96D8526-2626-4B99-8881-35E2A25BA15F}
	EndGlobalSection
	GlobalSection(ExtensibilityGlobals) = postSolution
		SolutionGuid = {CF56F168-32E4-422E-9702-9A30356C4050}
	EndGlobalSection
EndGlobal
