
Microsoft Visual Studio Solution File, Format Version 12.00
# Visual Studio Version 16
VisualStudioVersion = 16.0.32228.343
MinimumVisualStudioVersion = 10.0.40219.1
Project("{9A19103F-16F7-4668-BE54-9A1E7A4F7556}") = "Game_Dragon_WPF.UI", "Game_Dragon_WPF.UI\Game_Dragon_WPF.UI.csproj", "{EBB007C3-03E0-4085-BBBE-03379A3E40B2}"
EndProject
Project("{9A19103F-16F7-4668-BE54-9A1E7A4F7556}") = "Game_Dragon_WPF.Domain", "Game_Dragon_WPF.Domain\Game_Dragon_WPF.Domain.csproj", "{6790558D-9814-497F-9E89-F77DD64C1344}"
EndProject
Project("{2150E333-8FDC-42A3-9474-1A3956D46DE8}") = "1-FrontEnd", "1-FrontEnd", "{63650679-92DC-443E-86CA-D7E61409DF66}"
EndProject
Project("{2150E333-8FDC-42A3-9474-1A3956D46DE8}") = "2-BackEnd", "2-BackEnd", "{F96D8526-2626-4B99-8881-35E2A25BA15F}"
EndProject
Project("{2150E333-8FDC-42A3-9474-1A3956D46DE8}") = "99 - Installation", "99 - Installation", "{2D7206CF-A966-404F-B3F4-CBE4C8717F3B}"
EndProject
Project("{C7167F0D-BC9F-4E6E-AFE1-012C56B48DB5}") = "Game_Dragon_WPF.Install", "Game_Dragon_WPF.Install\Game_Dragon_WPF.Install.wapproj", "{6D3F5273-C97B-48F6-9FFF-96C0F9AA2F41}"
EndProject
Global
	GlobalSection(SolutionConfigurationPlatforms) = preSolution
		Debug|Any CPU = Debug|Any CPU
		Debug|ARM = Debug|ARM
		Debug|ARM64 = Debug|ARM64
		Debug|x64 = Debug|x64
		Debug|x86 = Debug|x86
		Release|Any CPU = Release|Any CPU
		Release|ARM = Release|ARM
		Release|ARM64 = Release|ARM64
		Release|x64 = Release|x64
		Release|x86 = Release|x86
	EndGlobalSection
	GlobalSection(ProjectConfigurationPlatforms) = postSolution
		{EBB007C3-03E0-4085-BBBE-03379A3E40B2}.Debug|Any CPU.ActiveCfg = Debug|Any CPU
		{EBB007C3-03E0-4085-BBBE-03379A3E40B2}.Debug|Any CPU.Build.0 = Debug|Any CPU
		{EBB007C3-03E0-4085-BBBE-03379A3E40B2}.Debug|ARM.ActiveCfg = Debug|Any CPU
		{EBB007C3-03E0-4085-BBBE-03379A3E40B2}.Debug|ARM.Build.0 = Debug|Any CPU
		{EBB007C3-03E0-4085-BBBE-03379A3E40B2}.Debug|ARM64.ActiveCfg = Debug|Any CPU
		{EBB007C3-03E0-4085-BBBE-03379A3E40B2}.Debug|ARM64.Build.0 = Debug|Any CPU
		{EBB007C3-03E0-4085-BBBE-03379A3E40B2}.Debug|x64.ActiveCfg = Debug|Any CPU
		{EBB007C3-03E0-4085-BBBE-03379A3E40B2}.Debug|x64.Build.0 = Debug|Any CPU
		{EBB007C3-03E0-4085-BBBE-03379A3E40B2}.Debug|x86.ActiveCfg = Debug|Any CPU
		{EBB007C3-03E0-4085-BBBE-03379A3E40B2}.Debug|x86.Build.0 = Debug|Any CPU
		{EBB007C3-03E0-4085-BBBE-03379A3E40B2}.Release|Any CPU.ActiveCfg = Release|Any CPU
		{EBB007C3-03E0-4085-BBBE-03379A3E40B2}.Release|Any CPU.Build.0 = Release|Any CPU
		{EBB007C3-03E0-4085-BBBE-03379A3E40B2}.Release|ARM.ActiveCfg = Release|Any CPU
		{EBB007C3-03E0-4085-BBBE-03379A3E40B2}.Release|ARM.Build.0 = Release|Any CPU
		{EBB007C3-03E0-4085-BBBE-03379A3E40B2}.Release|ARM64.ActiveCfg = Release|Any CPU
		{EBB007C3-03E0-4085-BBBE-03379A3E40B2}.Release|ARM64.Build.0 = Release|Any CPU
		{EBB007C3-03E0-4085-BBBE-03379A3E40B2}.Release|x64.ActiveCfg = Release|Any CPU
		{EBB007C3-03E0-4085-BBBE-03379A3E40B2}.Release|x64.Build.0 = Release|Any CPU
		{EBB007C3-03E0-4085-BBBE-03379A3E40B2}.Release|x86.ActiveCfg = Release|Any CPU
		{EBB007C3-03E0-4085-BBBE-03379A3E40B2}.Release|x86.Build.0 = Release|Any CPU
		{6790558D-9814-497F-9E89-F77DD64C1344}.Debug|Any CPU.ActiveCfg = Debug|Any CPU
		{6790558D-9814-497F-9E89-F77DD64C1344}.Debug|Any CPU.Build.0 = Debug|Any CPU
		{6790558D-9814-497F-9E89-F77DD64C1344}.Debug|ARM.ActiveCfg = Debug|Any CPU
		{6790558D-9814-497F-9E89-F77DD64C1344}.Debug|ARM.Build.0 = Debug|Any CPU
		{6790558D-9814-497F-9E89-F77DD64C1344}.Debug|ARM64.ActiveCfg = Debug|Any CPU
		{6790558D-9814-497F-9E89-F77DD64C1344}.Debug|ARM64.Build.0 = Debug|Any CPU
		{6790558D-9814-497F-9E89-F77DD64C1344}.Debug|x64.ActiveCfg = Debug|Any CPU
		{6790558D-9814-497F-9E89-F77DD64C1344}.Debug|x64.Build.0 = Debug|Any CPU
		{6790558D-9814-497F-9E89-F77DD64C1344}.Debug|x86.ActiveCfg = Debug|Any CPU
		{6790558D-9814-497F-9E89-F77DD64C1344}.Debug|x86.Build.0 = Debug|Any CPU
		{6790558D-9814-497F-9E89-F77DD64C1344}.Release|Any CPU.ActiveCfg = Release|Any CPU
		{6790558D-9814-497F-9E89-F77DD64C1344}.Release|Any CPU.Build.0 = Release|Any CPU
		{6790558D-9814-497F-9E89-F77DD64C1344}.Release|ARM.ActiveCfg = Release|Any CPU
		{6790558D-9814-497F-9E89-F77DD64C1344}.Release|ARM.Build.0 = Release|Any CPU
		{6790558D-9814-497F-9E89-F77DD64C1344}.Release|ARM64.ActiveCfg = Release|Any CPU
		{6790558D-9814-497F-9E89-F77DD64C1344}.Release|ARM64.Build.0 = Release|Any CPU
		{6790558D-9814-497F-9E89-F77DD64C1344}.Release|x64.ActiveCfg = Release|Any CPU
		{6790558D-9814-497F-9E89-F77DD64C1344}.Release|x64.Build.0 = Release|Any CPU
		{6790558D-9814-497F-9E89-F77DD64C1344}.Release|x86.ActiveCfg = Release|Any CPU
		{6790558D-9814-497F-9E89-F77DD64C1344}.Release|x86.Build.0 = Release|Any CPU
		{6D3F5273-C97B-48F6-9FFF-96C0F9AA2F41}.Debug|Any CPU.ActiveCfg = Debug|Any CPU
		{6D3F5273-C97B-48F6-9FFF-96C0F9AA2F41}.Debug|Any CPU.Build.0 = Debug|Any CPU
		{6D3F5273-C97B-48F6-9FFF-96C0F9AA2F41}.Debug|Any CPU.Deploy.0 = Debug|Any CPU
		{6D3F5273-C97B-48F6-9FFF-96C0F9AA2F41}.Debug|ARM.ActiveCfg = Debug|ARM
		{6D3F5273-C97B-48F6-9FFF-96C0F9AA2F41}.Debug|ARM.Build.0 = Debug|ARM
		{6D3F5273-C97B-48F6-9FFF-96C0F9AA2F41}.Debug|ARM.Deploy.0 = Debug|ARM
		{6D3F5273-C97B-48F6-9FFF-96C0F9AA2F41}.Debug|ARM64.ActiveCfg = Debug|ARM64
		{6D3F5273-C97B-48F6-9FFF-96C0F9AA2F41}.Debug|ARM64.Build.0 = Debug|ARM64
		{6D3F5273-C97B-48F6-9FFF-96C0F9AA2F41}.Debug|ARM64.Deploy.0 = Debug|ARM64
		{6D3F5273-C97B-48F6-9FFF-96C0F9AA2F41}.Debug|x64.ActiveCfg = Debug|x64
		{6D3F5273-C97B-48F6-9FFF-96C0F9AA2F41}.Debug|x64.Build.0 = Debug|x64
		{6D3F5273-C97B-48F6-9FFF-96C0F9AA2F41}.Debug|x64.Deploy.0 = Debug|x64
		{6D3F5273-C97B-48F6-9FFF-96C0F9AA2F41}.Debug|x86.ActiveCfg = Debug|x86
		{6D3F5273-C97B-48F6-9FFF-96C0F9AA2F41}.Debug|x86.Build.0 = Debug|x86
		{6D3F5273-C97B-48F6-9FFF-96C0F9AA2F41}.Debug|x86.Deploy.0 = Debug|x86
		{6D3F5273-C97B-48F6-9FFF-96C0F9AA2F41}.Release|Any CPU.ActiveCfg = Release|Any CPU
		{6D3F5273-C97B-48F6-9FFF-96C0F9AA2F41}.Release|Any CPU.Build.0 = Release|Any CPU
		{6D3F5273-C97B-48F6-9FFF-96C0F9AA2F41}.Release|Any CPU.Deploy.0 = Release|Any CPU
		{6D3F5273-C97B-48F6-9FFF-96C0F9AA2F41}.Release|ARM.ActiveCfg = Release|ARM
		{6D3F5273-C97B-48F6-9FFF-96C0F9AA2F41}.Release|ARM.Build.0 = Release|ARM
		{6D3F5273-C97B-48F6-9FFF-96C0F9AA2F41}.Release|ARM.Deploy.0 = Release|ARM
		{6D3F5273-C97B-48F6-9FFF-96C0F9AA2F41}.Release|ARM64.ActiveCfg = Release|ARM64
		{6D3F5273-C97B-48F6-9FFF-96C0F9AA2F41}.Release|ARM64.Build.0 = Release|ARM64
		{6D3F5273-C97B-48F6-9FFF-96C0F9AA2F41}.Release|ARM64.Deploy.0 = Release|ARM64
		{6D3F5273-C97B-48F6-9FFF-96C0F9AA2F41}.Release|x64.ActiveCfg = Release|x64
		{6D3F5273-C97B-48F6-9FFF-96C0F9AA2F41}.Release|x64.Build.0 = Release|x64
		{6D3F5273-C97B-48F6-9FFF-96C0F9AA2F41}.Release|x64.Deploy.0 = Release|x64
		{6D3F5273-C97B-48F6-9FFF-96C0F9AA2F41}.Release|x86.ActiveCfg = Release|x86
		{6D3F5273-C97B-48F6-9FFF-96C0F9AA2F41}.Release|x86.Build.0 = Release|x86
		{6D3F5273-C97B-48F6-9FFF-96C0F9AA2F41}.Release|x86.Deploy.0 = Release|x86
	EndGlobalSection
	GlobalSection(SolutionProperties) = preSolution
		HideSolutionNode = FALSE
	EndGlobalSection
	GlobalSection(NestedProjects) = preSolution
		{EBB007C3-03E0-4085-BBBE-03379A3E40B2} = {63650679-92DC-443E-86CA-D7E61409DF66}
		{6790558D-9814-497F-9E89-F77DD64C1344} = {F96D8526-2626-4B99-8881-35E2A25BA15F}
		{6D3F5273-C97B-48F6-9FFF-96C0F9AA2F41} = {2D7206CF-A966-404F-B3F4-CBE4C8717F3B}
	EndGlobalSection
	GlobalSection(ExtensibilityGlobals) = postSolution
		SolutionGuid = {CF56F168-32E4-422E-9702-9A30356C4050}
	EndGlobalSection
EndGlobal
